
Microsoft Visual Studio Solution File, Format Version 12.00
# Visual Studio Version 16
VisualStudioVersion = 16.0.31424.327
MinimumVisualStudioVersion = 10.0.40219.1
Project("{FAE04EC0-301F-11D3-BF4B-00C04F79EFBC}") = "Main", "Main\Main.csproj", "{24AB3D4F-00B5-4F31-9D61-9BD1942E78EA}"
EndProject
Project("{FAE04EC0-301F-11D3-BF4B-00C04F79EFBC}") = "API", "API\API.csproj", "{36073BE2-2891-41D2-997E-77183FCE808D}"
EndProject
Global
	GlobalSection(SolutionConfigurationPlatforms) = preSolution
		Debug|Any CPU = Debug|Any CPU
		Release|Any CPU = Release|Any CPU
	EndGlobalSection
	GlobalSection(ProjectConfigurationPlatforms) = postSolution
		{24AB3D4F-00B5-4F31-9D61-9BD1942E78EA}.Debug|Any CPU.ActiveCfg = Debug|Any CPU
		{24AB3D4F-00B5-4F31-9D61-9BD1942E78EA}.Debug|Any CPU.Build.0 = Debug|Any CPU
		{24AB3D4F-00B5-4F31-9D61-9BD1942E78EA}.Release|Any CPU.ActiveCfg = Release|Any CPU
		{24AB3D4F-00B5-4F31-9D61-9BD1942E78EA}.Release|Any CPU.Build.0 = Release|Any CPU
		{36073BE2-2891-41D2-997E-77183FCE808D}.Debug|Any CPU.ActiveCfg = Debug|Any CPU
		{36073BE2-2891-41D2-997E-77183FCE808D}.Debug|Any CPU.Build.0 = Debug|Any CPU
		{36073BE2-2891-41D2-997E-77183FCE808D}.Release|Any CPU.ActiveCfg = Release|Any CPU
		{36073BE2-2891-41D2-997E-77183FCE808D}.Release|Any CPU.Build.0 = Release|Any CPU
	EndGlobalSection
	GlobalSection(SolutionProperties) = preSolution
		HideSolutionNode = FALSE
	EndGlobalSection
	GlobalSection(ExtensibilityGlobals) = postSolution
		SolutionGuid = {E1B48DC0-F59A-4269-B387-5C3A42392DFE}
	EndGlobalSection
EndGlobal
